// !$*UTF8*$!
{
	archiveVersion = 1;
	classes = {
	};
	objectVersion = 56;
	objects = {

/* Begin PBXBuildFile section */
		AEAF30762B50AA4100C7778B /* BusinessDisplayApp.swift in Sources */ = {isa = PBXBuildFile; fileRef = AEAF30752B50AA4100C7778B /* BusinessDisplayApp.swift */; };
		AEAF30782B50AA4100C7778B /* ContentView.swift in Sources */ = {isa = PBXBuildFile; fileRef = AEAF30772B50AA4100C7778B /* ContentView.swift */; };
		AEAF307A2B50AA4400C7778B /* Assets.xcassets in Resources */ = {isa = PBXBuildFile; fileRef = AEAF30792B50AA4400C7778B /* Assets.xcassets */; };
		AEAF307D2B50AA4400C7778B /* Preview Assets.xcassets in Resources */ = {isa = PBXBuildFile; fileRef = AEAF307C2B50AA4400C7778B /* Preview Assets.xcassets */; };
		AEAF30872B50AA4400C7778B /* BusinessDisplayTests.swift in Sources */ = {isa = PBXBuildFile; fileRef = AEAF30862B50AA4400C7778B /* BusinessDisplayTests.swift */; };
		AEAF30912B50AA4500C7778B /* BusinessDisplayUITests.swift in Sources */ = {isa = PBXBuildFile; fileRef = AEAF30902B50AA4500C7778B /* BusinessDisplayUITests.swift */; };
		AEAF30932B50AA4500C7778B /* BusinessDisplayUITestsLaunchTests.swift in Sources */ = {isa = PBXBuildFile; fileRef = AEAF30922B50AA4500C7778B /* BusinessDisplayUITestsLaunchTests.swift */; };
		AEAF30A12B50AD3B00C7778B /* NetworkManager.swift in Sources */ = {isa = PBXBuildFile; fileRef = AEAF30A02B50AD3B00C7778B /* NetworkManager.swift */; };
		AEAF30A32B50B1DC00C7778B /* BusinessService.swift in Sources */ = {isa = PBXBuildFile; fileRef = AEAF30A22B50B1DC00C7778B /* BusinessService.swift */; };
		AEAF30A42B50B1DC00C7778B /* BusinessService.swift in Sources */ = {isa = PBXBuildFile; fileRef = AEAF30A22B50B1DC00C7778B /* BusinessService.swift */; };
		AEAF30A62B50B24500C7778B /* MockBusinessService.swift in Sources */ = {isa = PBXBuildFile; fileRef = AEAF30A52B50B24500C7778B /* MockBusinessService.swift */; };
		AEAF30AB2B50B31D00C7778B /* Business.swift in Sources */ = {isa = PBXBuildFile; fileRef = AEAF30AA2B50B31D00C7778B /* Business.swift */; };
		AEAF30AC2B50B31D00C7778B /* Business.swift in Sources */ = {isa = PBXBuildFile; fileRef = AEAF30AA2B50B31D00C7778B /* Business.swift */; };
		AEAF30AF2B50B4AE00C7778B /* BusinessViewModel.swift in Sources */ = {isa = PBXBuildFile; fileRef = AEAF30AE2B50B4AE00C7778B /* BusinessViewModel.swift */; };
		AEAF30B02B50B4AE00C7778B /* BusinessViewModel.swift in Sources */ = {isa = PBXBuildFile; fileRef = AEAF30AE2B50B4AE00C7778B /* BusinessViewModel.swift */; };
		AEAF30B22B50B4D100C7778B /* BusinessViewModelTests.swift in Sources */ = {isa = PBXBuildFile; fileRef = AEAF30B12B50B4D100C7778B /* BusinessViewModelTests.swift */; };
		AEC81A6A2B533E07009EBB51 /* LocationNameView.swift in Sources */ = {isa = PBXBuildFile; fileRef = AEC81A692B533E07009EBB51 /* LocationNameView.swift */; };
		AEC81A6C2B533EB6009EBB51 /* StatusView.swift in Sources */ = {isa = PBXBuildFile; fileRef = AEC81A6B2B533EB6009EBB51 /* StatusView.swift */; };
		AEC81A702B533F38009EBB51 /* CustomDividerView.swift in Sources */ = {isa = PBXBuildFile; fileRef = AEC81A6F2B533F38009EBB51 /* CustomDividerView.swift */; };
		AEC81A722B534051009EBB51 /* BusinessHoursView.swift in Sources */ = {isa = PBXBuildFile; fileRef = AEC81A712B534051009EBB51 /* BusinessHoursView.swift */; };
		AEC81A742B534063009EBB51 /* BusinessHoursRowView.swift in Sources */ = {isa = PBXBuildFile; fileRef = AEC81A732B534063009EBB51 /* BusinessHoursRowView.swift */; };
		AEDC478A2B51AE4B00A33904 /* HomeView.swift in Sources */ = {isa = PBXBuildFile; fileRef = AEDC47892B51AE4B00A33904 /* HomeView.swift */; };
		AEDC478B2B51E6AE00A33904 /* NetworkManager.swift in Sources */ = {isa = PBXBuildFile; fileRef = AEAF30A02B50AD3B00C7778B /* NetworkManager.swift */; };
		AEDC478F2B52060200A33904 /* LoadingView.swift in Sources */ = {isa = PBXBuildFile; fileRef = AEDC478E2B52060200A33904 /* LoadingView.swift */; };
		AEDC47912B52098800A33904 /* ColorExtension.swift in Sources */ = {isa = PBXBuildFile; fileRef = AEDC47902B52098800A33904 /* ColorExtension.swift */; };
		AEDC47932B5308AB00A33904 /* StubBusinessModel.swift in Sources */ = {isa = PBXBuildFile; fileRef = AEDC47922B5308AB00A33904 /* StubBusinessModel.swift */; };
		AEDC47952B53099E00A33904 /* BusinessTests.swift in Sources */ = {isa = PBXBuildFile; fileRef = AEDC47942B53099E00A33904 /* BusinessTests.swift */; };
		AEDC47972B530BD100A33904 /* location.json in Resources */ = {isa = PBXBuildFile; fileRef = AEDC47962B5309D700A33904 /* location.json */; };
		AEDC47992B53336C00A33904 /* ErrorView.swift in Sources */ = {isa = PBXBuildFile; fileRef = AEDC47982B53336C00A33904 /* ErrorView.swift */; };
		AEDC479B2B5336E400A33904 /* ViewMenuView.swift in Sources */ = {isa = PBXBuildFile; fileRef = AEDC479A2B5336E400A33904 /* ViewMenuView.swift */; };
		AEDC479D2B5337A600A33904 /* SplashBackgroundView.swift in Sources */ = {isa = PBXBuildFile; fileRef = AEDC479C2B5337A600A33904 /* SplashBackgroundView.swift */; };
		AEDC479F2B533A2300A33904 /* BusinessDetailsView.swift in Sources */ = {isa = PBXBuildFile; fileRef = AEDC479E2B533A2300A33904 /* BusinessDetailsView.swift */; };
/* End PBXBuildFile section */

/* Begin PBXContainerItemProxy section */
		AEAF30832B50AA4400C7778B /* PBXContainerItemProxy */ = {
			isa = PBXContainerItemProxy;
			containerPortal = AEAF306A2B50AA4100C7778B /* Project object */;
			proxyType = 1;
			remoteGlobalIDString = AEAF30712B50AA4100C7778B;
			remoteInfo = BusinessDisplay;
		};
		AEAF308D2B50AA4500C7778B /* PBXContainerItemProxy */ = {
			isa = PBXContainerItemProxy;
			containerPortal = AEAF306A2B50AA4100C7778B /* Project object */;
			proxyType = 1;
			remoteGlobalIDString = AEAF30712B50AA4100C7778B;
			remoteInfo = BusinessDisplay;
		};
/* End PBXContainerItemProxy section */

/* Begin PBXFileReference section */
		AEAF30722B50AA4100C7778B /* BusinessDisplay.app */ = {isa = PBXFileReference; explicitFileType = wrapper.application; includeInIndex = 0; path = BusinessDisplay.app; sourceTree = BUILT_PRODUCTS_DIR; };
		AEAF30752B50AA4100C7778B /* BusinessDisplayApp.swift */ = {isa = PBXFileReference; lastKnownFileType = sourcecode.swift; path = BusinessDisplayApp.swift; sourceTree = "<group>"; };
		AEAF30772B50AA4100C7778B /* ContentView.swift */ = {isa = PBXFileReference; lastKnownFileType = sourcecode.swift; path = ContentView.swift; sourceTree = "<group>"; };
		AEAF30792B50AA4400C7778B /* Assets.xcassets */ = {isa = PBXFileReference; lastKnownFileType = folder.assetcatalog; path = Assets.xcassets; sourceTree = "<group>"; };
		AEAF307C2B50AA4400C7778B /* Preview Assets.xcassets */ = {isa = PBXFileReference; lastKnownFileType = folder.assetcatalog; path = "Preview Assets.xcassets"; sourceTree = "<group>"; };
		AEAF30822B50AA4400C7778B /* BusinessDisplayTests.xctest */ = {isa = PBXFileReference; explicitFileType = wrapper.cfbundle; includeInIndex = 0; path = BusinessDisplayTests.xctest; sourceTree = BUILT_PRODUCTS_DIR; };
		AEAF30862B50AA4400C7778B /* BusinessDisplayTests.swift */ = {isa = PBXFileReference; lastKnownFileType = sourcecode.swift; path = BusinessDisplayTests.swift; sourceTree = "<group>"; };
		AEAF308C2B50AA4500C7778B /* BusinessDisplayUITests.xctest */ = {isa = PBXFileReference; explicitFileType = wrapper.cfbundle; includeInIndex = 0; path = BusinessDisplayUITests.xctest; sourceTree = BUILT_PRODUCTS_DIR; };
		AEAF30902B50AA4500C7778B /* BusinessDisplayUITests.swift */ = {isa = PBXFileReference; lastKnownFileType = sourcecode.swift; path = BusinessDisplayUITests.swift; sourceTree = "<group>"; };
		AEAF30922B50AA4500C7778B /* BusinessDisplayUITestsLaunchTests.swift */ = {isa = PBXFileReference; lastKnownFileType = sourcecode.swift; path = BusinessDisplayUITestsLaunchTests.swift; sourceTree = "<group>"; };
		AEAF30A02B50AD3B00C7778B /* NetworkManager.swift */ = {isa = PBXFileReference; lastKnownFileType = sourcecode.swift; path = NetworkManager.swift; sourceTree = "<group>"; };
		AEAF30A22B50B1DC00C7778B /* BusinessService.swift */ = {isa = PBXFileReference; lastKnownFileType = sourcecode.swift; path = BusinessService.swift; sourceTree = "<group>"; };
		AEAF30A52B50B24500C7778B /* MockBusinessService.swift */ = {isa = PBXFileReference; lastKnownFileType = sourcecode.swift; path = MockBusinessService.swift; sourceTree = "<group>"; };
		AEAF30AA2B50B31D00C7778B /* Business.swift */ = {isa = PBXFileReference; lastKnownFileType = sourcecode.swift; path = Business.swift; sourceTree = "<group>"; };
		AEAF30AE2B50B4AE00C7778B /* BusinessViewModel.swift */ = {isa = PBXFileReference; lastKnownFileType = sourcecode.swift; path = BusinessViewModel.swift; sourceTree = "<group>"; };
		AEAF30B12B50B4D100C7778B /* BusinessViewModelTests.swift */ = {isa = PBXFileReference; lastKnownFileType = sourcecode.swift; path = BusinessViewModelTests.swift; sourceTree = "<group>"; };
		AEC81A692B533E07009EBB51 /* LocationNameView.swift */ = {isa = PBXFileReference; lastKnownFileType = sourcecode.swift; path = LocationNameView.swift; sourceTree = "<group>"; };
		AEC81A6B2B533EB6009EBB51 /* StatusView.swift */ = {isa = PBXFileReference; lastKnownFileType = sourcecode.swift; path = StatusView.swift; sourceTree = "<group>"; };
		AEC81A6F2B533F38009EBB51 /* CustomDividerView.swift */ = {isa = PBXFileReference; lastKnownFileType = sourcecode.swift; path = CustomDividerView.swift; sourceTree = "<group>"; };
		AEC81A712B534051009EBB51 /* BusinessHoursView.swift */ = {isa = PBXFileReference; lastKnownFileType = sourcecode.swift; path = BusinessHoursView.swift; sourceTree = "<group>"; };
		AEC81A732B534063009EBB51 /* BusinessHoursRowView.swift */ = {isa = PBXFileReference; lastKnownFileType = sourcecode.swift; path = BusinessHoursRowView.swift; sourceTree = "<group>"; };
		AEDC47892B51AE4B00A33904 /* HomeView.swift */ = {isa = PBXFileReference; lastKnownFileType = sourcecode.swift; path = HomeView.swift; sourceTree = "<group>"; };
		AEDC478E2B52060200A33904 /* LoadingView.swift */ = {isa = PBXFileReference; lastKnownFileType = sourcecode.swift; path = LoadingView.swift; sourceTree = "<group>"; };
		AEDC47902B52098800A33904 /* ColorExtension.swift */ = {isa = PBXFileReference; lastKnownFileType = sourcecode.swift; path = ColorExtension.swift; sourceTree = "<group>"; };
		AEDC47922B5308AB00A33904 /* StubBusinessModel.swift */ = {isa = PBXFileReference; lastKnownFileType = sourcecode.swift; path = StubBusinessModel.swift; sourceTree = "<group>"; };
		AEDC47942B53099E00A33904 /* BusinessTests.swift */ = {isa = PBXFileReference; lastKnownFileType = sourcecode.swift; path = BusinessTests.swift; sourceTree = "<group>"; };
		AEDC47962B5309D700A33904 /* location.json */ = {isa = PBXFileReference; lastKnownFileType = text.json; path = location.json; sourceTree = "<group>"; };
		AEDC47982B53336C00A33904 /* ErrorView.swift */ = {isa = PBXFileReference; lastKnownFileType = sourcecode.swift; path = ErrorView.swift; sourceTree = "<group>"; };
		AEDC479A2B5336E400A33904 /* ViewMenuView.swift */ = {isa = PBXFileReference; lastKnownFileType = sourcecode.swift; path = ViewMenuView.swift; sourceTree = "<group>"; };
		AEDC479C2B5337A600A33904 /* SplashBackgroundView.swift */ = {isa = PBXFileReference; lastKnownFileType = sourcecode.swift; path = SplashBackgroundView.swift; sourceTree = "<group>"; };
		AEDC479E2B533A2300A33904 /* BusinessDetailsView.swift */ = {isa = PBXFileReference; lastKnownFileType = sourcecode.swift; path = BusinessDetailsView.swift; sourceTree = "<group>"; };
/* End PBXFileReference section */

/* Begin PBXFrameworksBuildPhase section */
		AEAF306F2B50AA4100C7778B /* Frameworks */ = {
			isa = PBXFrameworksBuildPhase;
			buildActionMask = 2147483647;
			files = (
			);
			runOnlyForDeploymentPostprocessing = 0;
		};
		AEAF307F2B50AA4400C7778B /* Frameworks */ = {
			isa = PBXFrameworksBuildPhase;
			buildActionMask = 2147483647;
			files = (
			);
			runOnlyForDeploymentPostprocessing = 0;
		};
		AEAF30892B50AA4400C7778B /* Frameworks */ = {
			isa = PBXFrameworksBuildPhase;
			buildActionMask = 2147483647;
			files = (
			);
			runOnlyForDeploymentPostprocessing = 0;
		};
/* End PBXFrameworksBuildPhase section */

/* Begin PBXGroup section */
		AEAF30692B50AA4100C7778B = {
			isa = PBXGroup;
			children = (
				AEAF30742B50AA4100C7778B /* BusinessDisplay */,
				AEAF30852B50AA4400C7778B /* BusinessDisplayTests */,
				AEAF308F2B50AA4500C7778B /* BusinessDisplayUITests */,
				AEAF30732B50AA4100C7778B /* Products */,
			);
			sourceTree = "<group>";
		};
		AEAF30732B50AA4100C7778B /* Products */ = {
			isa = PBXGroup;
			children = (
				AEAF30722B50AA4100C7778B /* BusinessDisplay.app */,
				AEAF30822B50AA4400C7778B /* BusinessDisplayTests.xctest */,
				AEAF308C2B50AA4500C7778B /* BusinessDisplayUITests.xctest */,
			);
			name = Products;
			sourceTree = "<group>";
		};
		AEAF30742B50AA4100C7778B /* BusinessDisplay */ = {
			isa = PBXGroup;
			children = (
				AEDC478C2B5205E000A33904 /* Util */,
				AEAF30A72B50B2DE00C7778B /* Features */,
				AEAF309F2B50AD0E00C7778B /* Services */,
				AEAF30752B50AA4100C7778B /* BusinessDisplayApp.swift */,
				AEAF30772B50AA4100C7778B /* ContentView.swift */,
				AEAF30792B50AA4400C7778B /* Assets.xcassets */,
				AEAF307B2B50AA4400C7778B /* Preview Content */,
			);
			path = BusinessDisplay;
			sourceTree = "<group>";
		};
		AEAF307B2B50AA4400C7778B /* Preview Content */ = {
			isa = PBXGroup;
			children = (
				AEAF307C2B50AA4400C7778B /* Preview Assets.xcassets */,
			);
			path = "Preview Content";
			sourceTree = "<group>";
		};
		AEAF30852B50AA4400C7778B /* BusinessDisplayTests */ = {
			isa = PBXGroup;
			children = (
				AEAF30862B50AA4400C7778B /* BusinessDisplayTests.swift */,
				AEAF30B12B50B4D100C7778B /* BusinessViewModelTests.swift */,
				AEAF30A52B50B24500C7778B /* MockBusinessService.swift */,
				AEDC47922B5308AB00A33904 /* StubBusinessModel.swift */,
				AEDC47942B53099E00A33904 /* BusinessTests.swift */,
				AEDC47962B5309D700A33904 /* location.json */,
			);
			path = BusinessDisplayTests;
			sourceTree = "<group>";
		};
		AEAF308F2B50AA4500C7778B /* BusinessDisplayUITests */ = {
			isa = PBXGroup;
			children = (
				AEAF30902B50AA4500C7778B /* BusinessDisplayUITests.swift */,
				AEAF30922B50AA4500C7778B /* BusinessDisplayUITestsLaunchTests.swift */,
			);
			path = BusinessDisplayUITests;
			sourceTree = "<group>";
		};
		AEAF309F2B50AD0E00C7778B /* Services */ = {
			isa = PBXGroup;
			children = (
				AEAF30A02B50AD3B00C7778B /* NetworkManager.swift */,
				AEAF30A22B50B1DC00C7778B /* BusinessService.swift */,
			);
			path = Services;
			sourceTree = "<group>";
		};
		AEAF30A72B50B2DE00C7778B /* Features */ = {
			isa = PBXGroup;
			children = (
				AEAF30A82B50B2EF00C7778B /* Business */,
			);
			path = Features;
			sourceTree = "<group>";
		};
		AEAF30A82B50B2EF00C7778B /* Business */ = {
			isa = PBXGroup;
			children = (
				AEDC47882B51AE3000A33904 /* View */,
				AEAF30AD2B50B48300C7778B /* View Model */,
				AEAF30A92B50B31200C7778B /* Model */,
			);
			path = Business;
			sourceTree = "<group>";
		};
		AEAF30A92B50B31200C7778B /* Model */ = {
			isa = PBXGroup;
			children = (
				AEAF30AA2B50B31D00C7778B /* Business.swift */,
			);
			path = Model;
			sourceTree = "<group>";
		};
		AEAF30AD2B50B48300C7778B /* View Model */ = {
			isa = PBXGroup;
			children = (
				AEAF30AE2B50B4AE00C7778B /* BusinessViewModel.swift */,
			);
			path = "View Model";
			sourceTree = "<group>";
		};
		AEDC47882B51AE3000A33904 /* View */ = {
			isa = PBXGroup;
			children = (
				AEDC47892B51AE4B00A33904 /* HomeView.swift */,
				AEDC479A2B5336E400A33904 /* ViewMenuView.swift */,
				AEDC479C2B5337A600A33904 /* SplashBackgroundView.swift */,
				AEDC479E2B533A2300A33904 /* BusinessDetailsView.swift */,
				AEC81A692B533E07009EBB51 /* LocationNameView.swift */,
				AEC81A6B2B533EB6009EBB51 /* StatusView.swift */,
				AEC81A6F2B533F38009EBB51 /* CustomDividerView.swift */,
				AEC81A712B534051009EBB51 /* BusinessHoursView.swift */,
				AEC81A732B534063009EBB51 /* BusinessHoursRowView.swift */,
			);
			path = View;
			sourceTree = "<group>";
		};
		AEDC478C2B5205E000A33904 /* Util */ = {
			isa = PBXGroup;
			children = (
				AEDC478D2B5205F000A33904 /* Views */,
				AEDC47902B52098800A33904 /* ColorExtension.swift */,
			);
			path = Util;
			sourceTree = "<group>";
		};
		AEDC478D2B5205F000A33904 /* Views */ = {
			isa = PBXGroup;
			children = (
				AEDC478E2B52060200A33904 /* LoadingView.swift */,
				AEDC47982B53336C00A33904 /* ErrorView.swift */,
			);
			path = Views;
			sourceTree = "<group>";
		};
/* End PBXGroup section */

/* Begin PBXNativeTarget section */
		AEAF30712B50AA4100C7778B /* BusinessDisplay */ = {
			isa = PBXNativeTarget;
			buildConfigurationList = AEAF30962B50AA4500C7778B /* Build configuration list for PBXNativeTarget "BusinessDisplay" */;
			buildPhases = (
				AEAF306E2B50AA4100C7778B /* Sources */,
				AEAF306F2B50AA4100C7778B /* Frameworks */,
				AEAF30702B50AA4100C7778B /* Resources */,
			);
			buildRules = (
			);
			dependencies = (
			);
			name = BusinessDisplay;
			productName = BusinessDisplay;
			productReference = AEAF30722B50AA4100C7778B /* BusinessDisplay.app */;
			productType = "com.apple.product-type.application";
		};
		AEAF30812B50AA4400C7778B /* BusinessDisplayTests */ = {
			isa = PBXNativeTarget;
			buildConfigurationList = AEAF30992B50AA4500C7778B /* Build configuration list for PBXNativeTarget "BusinessDisplayTests" */;
			buildPhases = (
				AEAF307E2B50AA4400C7778B /* Sources */,
				AEAF307F2B50AA4400C7778B /* Frameworks */,
				AEAF30802B50AA4400C7778B /* Resources */,
			);
			buildRules = (
			);
			dependencies = (
				AEAF30842B50AA4400C7778B /* PBXTargetDependency */,
			);
			name = BusinessDisplayTests;
			productName = BusinessDisplayTests;
			productReference = AEAF30822B50AA4400C7778B /* BusinessDisplayTests.xctest */;
			productType = "com.apple.product-type.bundle.unit-test";
		};
		AEAF308B2B50AA4400C7778B /* BusinessDisplayUITests */ = {
			isa = PBXNativeTarget;
			buildConfigurationList = AEAF309C2B50AA4500C7778B /* Build configuration list for PBXNativeTarget "BusinessDisplayUITests" */;
			buildPhases = (
				AEAF30882B50AA4400C7778B /* Sources */,
				AEAF30892B50AA4400C7778B /* Frameworks */,
				AEAF308A2B50AA4400C7778B /* Resources */,
			);
			buildRules = (
			);
			dependencies = (
				AEAF308E2B50AA4500C7778B /* PBXTargetDependency */,
			);
			name = BusinessDisplayUITests;
			productName = BusinessDisplayUITests;
			productReference = AEAF308C2B50AA4500C7778B /* BusinessDisplayUITests.xctest */;
			productType = "com.apple.product-type.bundle.ui-testing";
		};
/* End PBXNativeTarget section */

/* Begin PBXProject section */
		AEAF306A2B50AA4100C7778B /* Project object */ = {
			isa = PBXProject;
			attributes = {
				BuildIndependentTargetsInParallel = 1;
				LastSwiftUpdateCheck = 1510;
				LastUpgradeCheck = 1510;
				TargetAttributes = {
					AEAF30712B50AA4100C7778B = {
						CreatedOnToolsVersion = 15.1;
					};
					AEAF30812B50AA4400C7778B = {
						CreatedOnToolsVersion = 15.1;
						TestTargetID = AEAF30712B50AA4100C7778B;
					};
					AEAF308B2B50AA4400C7778B = {
						CreatedOnToolsVersion = 15.1;
						TestTargetID = AEAF30712B50AA4100C7778B;
					};
				};
			};
			buildConfigurationList = AEAF306D2B50AA4100C7778B /* Build configuration list for PBXProject "BusinessDisplay" */;
			compatibilityVersion = "Xcode 14.0";
			developmentRegion = en;
			hasScannedForEncodings = 0;
			knownRegions = (
				en,
				Base,
			);
			mainGroup = AEAF30692B50AA4100C7778B;
			productRefGroup = AEAF30732B50AA4100C7778B /* Products */;
			projectDirPath = "";
			projectRoot = "";
			targets = (
				AEAF30712B50AA4100C7778B /* BusinessDisplay */,
				AEAF30812B50AA4400C7778B /* BusinessDisplayTests */,
				AEAF308B2B50AA4400C7778B /* BusinessDisplayUITests */,
			);
		};
/* End PBXProject section */

/* Begin PBXResourcesBuildPhase section */
		AEAF30702B50AA4100C7778B /* Resources */ = {
			isa = PBXResourcesBuildPhase;
			buildActionMask = 2147483647;
			files = (
				AEAF307D2B50AA4400C7778B /* Preview Assets.xcassets in Resources */,
				AEAF307A2B50AA4400C7778B /* Assets.xcassets in Resources */,
			);
			runOnlyForDeploymentPostprocessing = 0;
		};
		AEAF30802B50AA4400C7778B /* Resources */ = {
			isa = PBXResourcesBuildPhase;
			buildActionMask = 2147483647;
			files = (
				AEDC47972B530BD100A33904 /* location.json in Resources */,
			);
			runOnlyForDeploymentPostprocessing = 0;
		};
		AEAF308A2B50AA4400C7778B /* Resources */ = {
			isa = PBXResourcesBuildPhase;
			buildActionMask = 2147483647;
			files = (
			);
			runOnlyForDeploymentPostprocessing = 0;
		};
/* End PBXResourcesBuildPhase section */

/* Begin PBXSourcesBuildPhase section */
		AEAF306E2B50AA4100C7778B /* Sources */ = {
			isa = PBXSourcesBuildPhase;
			buildActionMask = 2147483647;
			files = (
				AEAF30A12B50AD3B00C7778B /* NetworkManager.swift in Sources */,
				AEDC478A2B51AE4B00A33904 /* HomeView.swift in Sources */,
				AEDC479B2B5336E400A33904 /* ViewMenuView.swift in Sources */,
				AEDC479D2B5337A600A33904 /* SplashBackgroundView.swift in Sources */,
				AEAF30782B50AA4100C7778B /* ContentView.swift in Sources */,
				AEDC47912B52098800A33904 /* ColorExtension.swift in Sources */,
				AEC81A6A2B533E07009EBB51 /* LocationNameView.swift in Sources */,
				AEDC479F2B533A2300A33904 /* BusinessDetailsView.swift in Sources */,
				AEAF30A32B50B1DC00C7778B /* BusinessService.swift in Sources */,
				AEC81A742B534063009EBB51 /* BusinessHoursRowView.swift in Sources */,
				AEDC47992B53336C00A33904 /* ErrorView.swift in Sources */,
				AEAF30AB2B50B31D00C7778B /* Business.swift in Sources */,
				AEDC478F2B52060200A33904 /* LoadingView.swift in Sources */,
				AEAF30AF2B50B4AE00C7778B /* BusinessViewModel.swift in Sources */,
				AEC81A722B534051009EBB51 /* BusinessHoursView.swift in Sources */,
				AEAF30762B50AA4100C7778B /* BusinessDisplayApp.swift in Sources */,
				AEC81A6C2B533EB6009EBB51 /* StatusView.swift in Sources */,
				AEC81A702B533F38009EBB51 /* CustomDividerView.swift in Sources */,
			);
			runOnlyForDeploymentPostprocessing = 0;
		};
		AEAF307E2B50AA4400C7778B /* Sources */ = {
			isa = PBXSourcesBuildPhase;
			buildActionMask = 2147483647;
			files = (
				AEAF30A62B50B24500C7778B /* MockBusinessService.swift in Sources */,
				AEAF30AC2B50B31D00C7778B /* Business.swift in Sources */,
				AEAF30A42B50B1DC00C7778B /* BusinessService.swift in Sources */,
				AEDC478B2B51E6AE00A33904 /* NetworkManager.swift in Sources */,
				AEAF30872B50AA4400C7778B /* BusinessDisplayTests.swift in Sources */,
				AEDC47932B5308AB00A33904 /* StubBusinessModel.swift in Sources */,
				AEAF30B22B50B4D100C7778B /* BusinessViewModelTests.swift in Sources */,
				AEAF30B02B50B4AE00C7778B /* BusinessViewModel.swift in Sources */,
				AEDC47952B53099E00A33904 /* BusinessTests.swift in Sources */,
			);
			runOnlyForDeploymentPostprocessing = 0;
		};
		AEAF30882B50AA4400C7778B /* Sources */ = {
			isa = PBXSourcesBuildPhase;
			buildActionMask = 2147483647;
			files = (
				AEAF30912B50AA4500C7778B /* BusinessDisplayUITests.swift in Sources */,
				AEAF30932B50AA4500C7778B /* BusinessDisplayUITestsLaunchTests.swift in Sources */,
			);
			runOnlyForDeploymentPostprocessing = 0;
		};
/* End PBXSourcesBuildPhase section */

/* Begin PBXTargetDependency section */
		AEAF30842B50AA4400C7778B /* PBXTargetDependency */ = {
			isa = PBXTargetDependency;
			target = AEAF30712B50AA4100C7778B /* BusinessDisplay */;
			targetProxy = AEAF30832B50AA4400C7778B /* PBXContainerItemProxy */;
		};
		AEAF308E2B50AA4500C7778B /* PBXTargetDependency */ = {
			isa = PBXTargetDependency;
			target = AEAF30712B50AA4100C7778B /* BusinessDisplay */;
			targetProxy = AEAF308D2B50AA4500C7778B /* PBXContainerItemProxy */;
		};
/* End PBXTargetDependency section */

/* Begin XCBuildConfiguration section */
		AEAF30942B50AA4500C7778B /* Debug */ = {
			isa = XCBuildConfiguration;
			buildSettings = {
				ALWAYS_SEARCH_USER_PATHS = NO;
				ASSETCATALOG_COMPILER_GENERATE_SWIFT_ASSET_SYMBOL_EXTENSIONS = YES;
				CLANG_ANALYZER_NONNULL = YES;
				CLANG_ANALYZER_NUMBER_OBJECT_CONVERSION = YES_AGGRESSIVE;
				CLANG_CXX_LANGUAGE_STANDARD = "gnu++20";
				CLANG_ENABLE_MODULES = YES;
				CLANG_ENABLE_OBJC_ARC = YES;
				CLANG_ENABLE_OBJC_WEAK = YES;
				CLANG_WARN_BLOCK_CAPTURE_AUTORELEASING = YES;
				CLANG_WARN_BOOL_CONVERSION = YES;
				CLANG_WARN_COMMA = YES;
				CLANG_WARN_CONSTANT_CONVERSION = YES;
				CLANG_WARN_DEPRECATED_OBJC_IMPLEMENTATIONS = YES;
				CLANG_WARN_DIRECT_OBJC_ISA_USAGE = YES_ERROR;
				CLANG_WARN_DOCUMENTATION_COMMENTS = YES;
				CLANG_WARN_EMPTY_BODY = YES;
				CLANG_WARN_ENUM_CONVERSION = YES;
				CLANG_WARN_INFINITE_RECURSION = YES;
				CLANG_WARN_INT_CONVERSION = YES;
				CLANG_WARN_NON_LITERAL_NULL_CONVERSION = YES;
				CLANG_WARN_OBJC_IMPLICIT_RETAIN_SELF = YES;
				CLANG_WARN_OBJC_LITERAL_CONVERSION = YES;
				CLANG_WARN_OBJC_ROOT_CLASS = YES_ERROR;
				CLANG_WARN_QUOTED_INCLUDE_IN_FRAMEWORK_HEADER = YES;
				CLANG_WARN_RANGE_LOOP_ANALYSIS = YES;
				CLANG_WARN_STRICT_PROTOTYPES = YES;
				CLANG_WARN_SUSPICIOUS_MOVE = YES;
				CLANG_WARN_UNGUARDED_AVAILABILITY = YES_AGGRESSIVE;
				CLANG_WARN_UNREACHABLE_CODE = YES;
				CLANG_WARN__DUPLICATE_METHOD_MATCH = YES;
				COPY_PHASE_STRIP = NO;
				DEBUG_INFORMATION_FORMAT = dwarf;
				ENABLE_STRICT_OBJC_MSGSEND = YES;
				ENABLE_TESTABILITY = YES;
				ENABLE_USER_SCRIPT_SANDBOXING = YES;
				GCC_C_LANGUAGE_STANDARD = gnu17;
				GCC_DYNAMIC_NO_PIC = NO;
				GCC_NO_COMMON_BLOCKS = YES;
				GCC_OPTIMIZATION_LEVEL = 0;
				GCC_PREPROCESSOR_DEFINITIONS = (
					"DEBUG=1",
					"$(inherited)",
				);
				GCC_WARN_64_TO_32_BIT_CONVERSION = YES;
				GCC_WARN_ABOUT_RETURN_TYPE = YES_ERROR;
				GCC_WARN_UNDECLARED_SELECTOR = YES;
				GCC_WARN_UNINITIALIZED_AUTOS = YES_AGGRESSIVE;
				GCC_WARN_UNUSED_FUNCTION = YES;
				GCC_WARN_UNUSED_VARIABLE = YES;
				IPHONEOS_DEPLOYMENT_TARGET = 17.2;
				LOCALIZATION_PREFERS_STRING_CATALOGS = YES;
				MTL_ENABLE_DEBUG_INFO = INCLUDE_SOURCE;
				MTL_FAST_MATH = YES;
				ONLY_ACTIVE_ARCH = YES;
				SDKROOT = iphoneos;
				SWIFT_ACTIVE_COMPILATION_CONDITIONS = "DEBUG $(inherited)";
				SWIFT_OPTIMIZATION_LEVEL = "-Onone";
			};
			name = Debug;
		};
		AEAF30952B50AA4500C7778B /* Release */ = {
			isa = XCBuildConfiguration;
			buildSettings = {
				ALWAYS_SEARCH_USER_PATHS = NO;
				ASSETCATALOG_COMPILER_GENERATE_SWIFT_ASSET_SYMBOL_EXTENSIONS = YES;
				CLANG_ANALYZER_NONNULL = YES;
				CLANG_ANALYZER_NUMBER_OBJECT_CONVERSION = YES_AGGRESSIVE;
				CLANG_CXX_LANGUAGE_STANDARD = "gnu++20";
				CLANG_ENABLE_MODULES = YES;
				CLANG_ENABLE_OBJC_ARC = YES;
				CLANG_ENABLE_OBJC_WEAK = YES;
				CLANG_WARN_BLOCK_CAPTURE_AUTORELEASING = YES;
				CLANG_WARN_BOOL_CONVERSION = YES;
				CLANG_WARN_COMMA = YES;
				CLANG_WARN_CONSTANT_CONVERSION = YES;
				CLANG_WARN_DEPRECATED_OBJC_IMPLEMENTATIONS = YES;
				CLANG_WARN_DIRECT_OBJC_ISA_USAGE = YES_ERROR;
				CLANG_WARN_DOCUMENTATION_COMMENTS = YES;
				CLANG_WARN_EMPTY_BODY = YES;
				CLANG_WARN_ENUM_CONVERSION = YES;
				CLANG_WARN_INFINITE_RECURSION = YES;
				CLANG_WARN_INT_CONVERSION = YES;
				CLANG_WARN_NON_LITERAL_NULL_CONVERSION = YES;
				CLANG_WARN_OBJC_IMPLICIT_RETAIN_SELF = YES;
				CLANG_WARN_OBJC_LITERAL_CONVERSION = YES;
				CLANG_WARN_OBJC_ROOT_CLASS = YES_ERROR;
				CLANG_WARN_QUOTED_INCLUDE_IN_FRAMEWORK_HEADER = YES;
				CLANG_WARN_RANGE_LOOP_ANALYSIS = YES;
				CLANG_WARN_STRICT_PROTOTYPES = YES;
				CLANG_WARN_SUSPICIOUS_MOVE = YES;
				CLANG_WARN_UNGUARDED_AVAILABILITY = YES_AGGRESSIVE;
				CLANG_WARN_UNREACHABLE_CODE = YES;
				CLANG_WARN__DUPLICATE_METHOD_MATCH = YES;
				COPY_PHASE_STRIP = NO;
				DEBUG_INFORMATION_FORMAT = "dwarf-with-dsym";
				ENABLE_NS_ASSERTIONS = NO;
				ENABLE_STRICT_OBJC_MSGSEND = YES;
				ENABLE_USER_SCRIPT_SANDBOXING = YES;
				GCC_C_LANGUAGE_STANDARD = gnu17;
				GCC_NO_COMMON_BLOCKS = YES;
				GCC_WARN_64_TO_32_BIT_CONVERSION = YES;
				GCC_WARN_ABOUT_RETURN_TYPE = YES_ERROR;
				GCC_WARN_UNDECLARED_SELECTOR = YES;
				GCC_WARN_UNINITIALIZED_AUTOS = YES_AGGRESSIVE;
				GCC_WARN_UNUSED_FUNCTION = YES;
				GCC_WARN_UNUSED_VARIABLE = YES;
				IPHONEOS_DEPLOYMENT_TARGET = 17.2;
				LOCALIZATION_PREFERS_STRING_CATALOGS = YES;
				MTL_ENABLE_DEBUG_INFO = NO;
				MTL_FAST_MATH = YES;
				SDKROOT = iphoneos;
				SWIFT_COMPILATION_MODE = wholemodule;
				VALIDATE_PRODUCT = YES;
			};
			name = Release;
		};
		AEAF30972B50AA4500C7778B /* Debug */ = {
			isa = XCBuildConfiguration;
			buildSettings = {
				ASSETCATALOG_COMPILER_APPICON_NAME = AppIcon;
				ASSETCATALOG_COMPILER_GLOBAL_ACCENT_COLOR_NAME = AccentColor;
				CODE_SIGN_STYLE = Automatic;
				CURRENT_PROJECT_VERSION = 1;
				DEVELOPMENT_ASSET_PATHS = "\"BusinessDisplay/Preview Content\"";
				DEVELOPMENT_TEAM = VJGEDW5SA9;
				ENABLE_PREVIEWS = YES;
				GENERATE_INFOPLIST_FILE = YES;
				INFOPLIST_KEY_UIApplicationSceneManifest_Generation = YES;
				INFOPLIST_KEY_UIApplicationSupportsIndirectInputEvents = YES;
				INFOPLIST_KEY_UILaunchScreen_Generation = YES;
				INFOPLIST_KEY_UISupportedInterfaceOrientations_iPad = "UIInterfaceOrientationPortrait UIInterfaceOrientationPortraitUpsideDown UIInterfaceOrientationLandscapeLeft UIInterfaceOrientationLandscapeRight";
				INFOPLIST_KEY_UISupportedInterfaceOrientations_iPhone = "UIInterfaceOrientationPortrait UIInterfaceOrientationLandscapeLeft UIInterfaceOrientationLandscapeRight";
				LD_RUNPATH_SEARCH_PATHS = (
					"$(inherited)",
					"@executable_path/Frameworks",
				);
				MARKETING_VERSION = 1.0;
				PRODUCT_BUNDLE_IDENTIFIER = com.sunnyleeyun.BusinessDisplay;
				PRODUCT_NAME = "$(TARGET_NAME)";
				SWIFT_EMIT_LOC_STRINGS = YES;
				SWIFT_VERSION = 5.0;
				TARGETED_DEVICE_FAMILY = "1,2";
			};
			name = Debug;
		};
		AEAF30982B50AA4500C7778B /* Release */ = {
			isa = XCBuildConfiguration;
			buildSettings = {
				ASSETCATALOG_COMPILER_APPICON_NAME = AppIcon;
				ASSETCATALOG_COMPILER_GLOBAL_ACCENT_COLOR_NAME = AccentColor;
				CODE_SIGN_STYLE = Automatic;
				CURRENT_PROJECT_VERSION = 1;
				DEVELOPMENT_ASSET_PATHS = "\"BusinessDisplay/Preview Content\"";
				DEVELOPMENT_TEAM = VJGEDW5SA9;
				ENABLE_PREVIEWS = YES;
				GENERATE_INFOPLIST_FILE = YES;
				INFOPLIST_KEY_UIApplicationSceneManifest_Generation = YES;
				INFOPLIST_KEY_UIApplicationSupportsIndirectInputEvents = YES;
				INFOPLIST_KEY_UILaunchScreen_Generation = YES;
				INFOPLIST_KEY_UISupportedInterfaceOrientations_iPad = "UIInterfaceOrientationPortrait UIInterfaceOrientationPortraitUpsideDown UIInterfaceOrientationLandscapeLeft UIInterfaceOrientationLandscapeRight";
				INFOPLIST_KEY_UISupportedInterfaceOrientations_iPhone = "UIInterfaceOrientationPortrait UIInterfaceOrientationLandscapeLeft UIInterfaceOrientationLandscapeRight";
				LD_RUNPATH_SEARCH_PATHS = (
					"$(inherited)",
					"@executable_path/Frameworks",
				);
				MARKETING_VERSION = 1.0;
				PRODUCT_BUNDLE_IDENTIFIER = com.sunnyleeyun.BusinessDisplay;
				PRODUCT_NAME = "$(TARGET_NAME)";
				SWIFT_EMIT_LOC_STRINGS = YES;
				SWIFT_VERSION = 5.0;
				TARGETED_DEVICE_FAMILY = "1,2";
			};
			name = Release;
		};
		AEAF309A2B50AA4500C7778B /* Debug */ = {
			isa = XCBuildConfiguration;
			buildSettings = {
				ALWAYS_EMBED_SWIFT_STANDARD_LIBRARIES = YES;
				BUNDLE_LOADER = "$(TEST_HOST)";
				CODE_SIGN_STYLE = Automatic;
				CURRENT_PROJECT_VERSION = 1;
				DEVELOPMENT_TEAM = VJGEDW5SA9;
				GENERATE_INFOPLIST_FILE = YES;
				IPHONEOS_DEPLOYMENT_TARGET = 17.2;
				MARKETING_VERSION = 1.0;
				PRODUCT_BUNDLE_IDENTIFIER = com.sunnyleeyun.BusinessDisplayTests;
				PRODUCT_NAME = "$(TARGET_NAME)";
				SWIFT_EMIT_LOC_STRINGS = NO;
				SWIFT_VERSION = 5.0;
				TARGETED_DEVICE_FAMILY = "1,2";
				TEST_HOST = "$(BUILT_PRODUCTS_DIR)/BusinessDisplay.app/$(BUNDLE_EXECUTABLE_FOLDER_PATH)/BusinessDisplay";
			};
			name = Debug;
		};
		AEAF309B2B50AA4500C7778B /* Release */ = {
			isa = XCBuildConfiguration;
			buildSettings = {
				ALWAYS_EMBED_SWIFT_STANDARD_LIBRARIES = YES;
				BUNDLE_LOADER = "$(TEST_HOST)";
				CODE_SIGN_STYLE = Automatic;
				CURRENT_PROJECT_VERSION = 1;
				DEVELOPMENT_TEAM = VJGEDW5SA9;
				GENERATE_INFOPLIST_FILE = YES;
				IPHONEOS_DEPLOYMENT_TARGET = 17.2;
				MARKETING_VERSION = 1.0;
				PRODUCT_BUNDLE_IDENTIFIER = com.sunnyleeyun.BusinessDisplayTests;
				PRODUCT_NAME = "$(TARGET_NAME)";
				SWIFT_EMIT_LOC_STRINGS = NO;
				SWIFT_VERSION = 5.0;
				TARGETED_DEVICE_FAMILY = "1,2";
				TEST_HOST = "$(BUILT_PRODUCTS_DIR)/BusinessDisplay.app/$(BUNDLE_EXECUTABLE_FOLDER_PATH)/BusinessDisplay";
			};
			name = Release;
		};
		AEAF309D2B50AA4500C7778B /* Debug */ = {
			isa = XCBuildConfiguration;
			buildSettings = {
				ALWAYS_EMBED_SWIFT_STANDARD_LIBRARIES = YES;
				CODE_SIGN_STYLE = Automatic;
				CURRENT_PROJECT_VERSION = 1;
				DEVELOPMENT_TEAM = VJGEDW5SA9;
				GENERATE_INFOPLIST_FILE = YES;
				MARKETING_VERSION = 1.0;
				PRODUCT_BUNDLE_IDENTIFIER = com.sunnyleeyun.BusinessDisplayUITests;
				PRODUCT_NAME = "$(TARGET_NAME)";
				SWIFT_EMIT_LOC_STRINGS = NO;
				SWIFT_VERSION = 5.0;
				TARGETED_DEVICE_FAMILY = "1,2";
				TEST_TARGET_NAME = BusinessDisplay;
			};
			name = Debug;
		};
		AEAF309E2B50AA4500C7778B /* Release */ = {
			isa = XCBuildConfiguration;
			buildSettings = {
				ALWAYS_EMBED_SWIFT_STANDARD_LIBRARIES = YES;
				CODE_SIGN_STYLE = Automatic;
				CURRENT_PROJECT_VERSION = 1;
				DEVELOPMENT_TEAM = VJGEDW5SA9;
				GENERATE_INFOPLIST_FILE = YES;
				MARKETING_VERSION = 1.0;
				PRODUCT_BUNDLE_IDENTIFIER = com.sunnyleeyun.BusinessDisplayUITests;
				PRODUCT_NAME = "$(TARGET_NAME)";
				SWIFT_EMIT_LOC_STRINGS = NO;
				SWIFT_VERSION = 5.0;
				TARGETED_DEVICE_FAMILY = "1,2";
				TEST_TARGET_NAME = BusinessDisplay;
			};
			name = Release;
		};
/* End XCBuildConfiguration section */

/* Begin XCConfigurationList section */
		AEAF306D2B50AA4100C7778B /* Build configuration list for PBXProject "BusinessDisplay" */ = {
			isa = XCConfigurationList;
			buildConfigurations = (
				AEAF30942B50AA4500C7778B /* Debug */,
				AEAF30952B50AA4500C7778B /* Release */,
			);
			defaultConfigurationIsVisible = 0;
			defaultConfigurationName = Release;
		};
		AEAF30962B50AA4500C7778B /* Build configuration list for PBXNativeTarget "BusinessDisplay" */ = {
			isa = XCConfigurationList;
			buildConfigurations = (
				AEAF30972B50AA4500C7778B /* Debug */,
				AEAF30982B50AA4500C7778B /* Release */,
			);
			defaultConfigurationIsVisible = 0;
			defaultConfigurationName = Release;
		};
		AEAF30992B50AA4500C7778B /* Build configuration list for PBXNativeTarget "BusinessDisplayTests" */ = {
			isa = XCConfigurationList;
			buildConfigurations = (
				AEAF309A2B50AA4500C7778B /* Debug */,
				AEAF309B2B50AA4500C7778B /* Release */,
			);
			defaultConfigurationIsVisible = 0;
			defaultConfigurationName = Release;
		};
		AEAF309C2B50AA4500C7778B /* Build configuration list for PBXNativeTarget "BusinessDisplayUITests" */ = {
			isa = XCConfigurationList;
			buildConfigurations = (
				AEAF309D2B50AA4500C7778B /* Debug */,
				AEAF309E2B50AA4500C7778B /* Release */,
			);
			defaultConfigurationIsVisible = 0;
			defaultConfigurationName = Release;
		};
/* End XCConfigurationList section */
	};
	rootObject = AEAF306A2B50AA4100C7778B /* Project object */;
}
